
Microsoft Visual Studio Solution File, Format Version 12.00
# Visual Studio Version 16
VisualStudioVersion = 16.0.29519.181
MinimumVisualStudioVersion = 10.0.40219.1
Project("{FAE04EC0-301F-11D3-BF4B-00C04F79EFBC}") = "SalaryPrediction", "SalaryPrediction\SalaryPrediction.csproj", "{C937A77A-51F7-4A8E-95B5-F7749308BB98}"
EndProject
Global
	GlobalSection(SolutionConfigurationPlatforms) = preSolution
		Debug|Any CPU = Debug|Any CPU
		Debug|x64 = Debug|x64
		Release|Any CPU = Release|Any CPU
		Release|x64 = Release|x64
	EndGlobalSection
	GlobalSection(ProjectConfigurationPlatforms) = postSolution
		{C937A77A-51F7-4A8E-95B5-F7749308BB98}.Debug|Any CPU.ActiveCfg = Debug|Any CPU
		{C937A77A-51F7-4A8E-95B5-F7749308BB98}.Debug|Any CPU.Build.0 = Debug|Any CPU
		{C937A77A-51F7-4A8E-95B5-F7749308BB98}.Debug|x64.ActiveCfg = Debug|x64
		{C937A77A-51F7-4A8E-95B5-F7749308BB98}.Debug|x64.Build.0 = Debug|x64
		{C937A77A-51F7-4A8E-95B5-F7749308BB98}.Release|Any CPU.ActiveCfg = Release|Any CPU
		{C937A77A-51F7-4A8E-95B5-F7749308BB98}.Release|Any CPU.Build.0 = Release|Any CPU
		{C937A77A-51F7-4A8E-95B5-F7749308BB98}.Release|x64.ActiveCfg = Release|x64
		{C937A77A-51F7-4A8E-95B5-F7749308BB98}.Release|x64.Build.0 = Release|x64
	EndGlobalSection
	GlobalSection(SolutionProperties) = preSolution
		HideSolutionNode = FALSE
	EndGlobalSection
	GlobalSection(ExtensibilityGlobals) = postSolution
		SolutionGuid = {58848E1E-0E58-40CA-8912-7F1213D75A92}
	EndGlobalSection
EndGlobal
